
Microsoft Visual Studio Solution File, Format Version 12.00
# Visual Studio Version 17
VisualStudioVersion = 17.4.33103.184
MinimumVisualStudioVersion = 10.0.40219.1
Project("{FAE04EC0-301F-11D3-BF4B-00C04F79EFBC}") = "DSP4", "DSP4\DSP4.csproj", "{973C99C5-BE5B-4330-B60B-DCADF9347B85}"
EndProject
Global
	GlobalSection(SolutionConfigurationPlatforms) = preSolution
		Debug|Any CPU = Debug|Any CPU
		Release|Any CPU = Release|Any CPU
	EndGlobalSection
	GlobalSection(ProjectConfigurationPlatforms) = postSolution
		{973C99C5-BE5B-4330-B60B-DCADF9347B85}.Debug|Any CPU.ActiveCfg = Debug|Any CPU
		{973C99C5-BE5B-4330-B60B-DCADF9347B85}.Debug|Any CPU.Build.0 = Debug|Any CPU
		{973C99C5-BE5B-4330-B60B-DCADF9347B85}.Release|Any CPU.ActiveCfg = Release|Any CPU
		{973C99C5-BE5B-4330-B60B-DCADF9347B85}.Release|Any CPU.Build.0 = Release|Any CPU
	EndGlobalSection
	GlobalSection(SolutionProperties) = preSolution
		HideSolutionNode = FALSE
	EndGlobalSection
	GlobalSection(ExtensibilityGlobals) = postSolution
		SolutionGuid = {E087E310-4721-422F-BBC1-CE2D049675F4}
	EndGlobalSection
EndGlobal
